
Microsoft Visual Studio Solution File, Format Version 12.00
# Visual Studio Version 17
VisualStudioVersion = 17.13.35931.197
MinimumVisualStudioVersion = 10.0.40219.1
Project("{FAE04EC0-301F-11D3-BF4B-00C04F79EFBC}") = "SPSS.BusinessObject", "SPSS.BusinessObject\SPSS.BusinessObject.csproj", "{BA94E722-EB4F-481E-9454-540BFF25E066}"
EndProject
Global
	GlobalSection(SolutionConfigurationPlatforms) = preSolution
		Debug|Any CPU = Debug|Any CPU
		Release|Any CPU = Release|Any CPU
	EndGlobalSection
	GlobalSection(ProjectConfigurationPlatforms) = postSolution
		{BA94E722-EB4F-481E-9454-540BFF25E066}.Debug|Any CPU.ActiveCfg = Debug|Any CPU
		{BA94E722-EB4F-481E-9454-540BFF25E066}.Debug|Any CPU.Build.0 = Debug|Any CPU
		{BA94E722-EB4F-481E-9454-540BFF25E066}.Release|Any CPU.ActiveCfg = Release|Any CPU
		{BA94E722-EB4F-481E-9454-540BFF25E066}.Release|Any CPU.Build.0 = Release|Any CPU
	EndGlobalSection
	GlobalSection(SolutionProperties) = preSolution
		HideSolutionNode = FALSE
	EndGlobalSection
	GlobalSection(ExtensibilityGlobals) = postSolution
		SolutionGuid = {2DAE8905-4F9C-47AD-8446-63002549572E}
	EndGlobalSection
EndGlobal
