
Microsoft Visual Studio Solution File, Format Version 12.00
# Visual Studio Version 17
VisualStudioVersion = 17.13.35931.197
MinimumVisualStudioVersion = 10.0.40219.1
Project("{FAE04EC0-301F-11D3-BF4B-00C04F79EFBC}") = "SPSS.BusinessObject", "SPSS.BusinessObject\SPSS.BusinessObject.csproj", "{4A9B0C41-0DA2-4A45-950C-DC4D5B5338DA}"
EndProject
Global
	GlobalSection(SolutionConfigurationPlatforms) = preSolution
		Debug|Any CPU = Debug|Any CPU
		Release|Any CPU = Release|Any CPU
	EndGlobalSection
	GlobalSection(ProjectConfigurationPlatforms) = postSolution
		{4A9B0C41-0DA2-4A45-950C-DC4D5B5338DA}.Debug|Any CPU.ActiveCfg = Debug|Any CPU
		{4A9B0C41-0DA2-4A45-950C-DC4D5B5338DA}.Debug|Any CPU.Build.0 = Debug|Any CPU
		{4A9B0C41-0DA2-4A45-950C-DC4D5B5338DA}.Release|Any CPU.ActiveCfg = Release|Any CPU
		{4A9B0C41-0DA2-4A45-950C-DC4D5B5338DA}.Release|Any CPU.Build.0 = Release|Any CPU
	EndGlobalSection
	GlobalSection(SolutionProperties) = preSolution
		HideSolutionNode = FALSE
	EndGlobalSection
	GlobalSection(ExtensibilityGlobals) = postSolution
		SolutionGuid = {2C2D6156-4286-4503-A925-2BB71D3222D6}
	EndGlobalSection
EndGlobal
