
Microsoft Visual Studio Solution File, Format Version 12.00
# Visual Studio Version 17
VisualStudioVersion = 17.13.35931.197
MinimumVisualStudioVersion = 10.0.40219.1
Project("{FAE04EC0-301F-11D3-BF4B-00C04F79EFBC}") = "SPSS.BusinessObject", "SPSS.BusinessObject\SPSS.BusinessObject.csproj", "{4A9B0C41-0DA2-4A45-950C-DC4D5B5338DA}"
EndProject
Project("{FAE04EC0-301F-11D3-BF4B-00C04F79EFBC}") = "SPSS.Shared", "SPSS.Shared\SPSS.Shared.csproj", "{0CA29E9F-51BB-4710-BFDB-E66567E8B957}"
EndProject
Project("{FAE04EC0-301F-11D3-BF4B-00C04F79EFBC}") = "SPSS.Repository", "SPSS.Repository\SPSS.Repository.csproj", "{5AF9EB78-82AB-4AD6-8680-B10890B5C04B}"
EndProject
Project("{FAE04EC0-301F-11D3-BF4B-00C04F79EFBC}") = "SPSS.Service", "SPSS.Service\SPSS.Service.csproj", "{137370C8-9768-48D6-AC36-FDCC2ACB4452}"
EndProject
Global
	GlobalSection(SolutionConfigurationPlatforms) = preSolution
		Debug|Any CPU = Debug|Any CPU
		Release|Any CPU = Release|Any CPU
	EndGlobalSection
	GlobalSection(ProjectConfigurationPlatforms) = postSolution
		{4A9B0C41-0DA2-4A45-950C-DC4D5B5338DA}.Debug|Any CPU.ActiveCfg = Debug|Any CPU
		{4A9B0C41-0DA2-4A45-950C-DC4D5B5338DA}.Debug|Any CPU.Build.0 = Debug|Any CPU
		{4A9B0C41-0DA2-4A45-950C-DC4D5B5338DA}.Release|Any CPU.ActiveCfg = Release|Any CPU
		{4A9B0C41-0DA2-4A45-950C-DC4D5B5338DA}.Release|Any CPU.Build.0 = Release|Any CPU
		{0CA29E9F-51BB-4710-BFDB-E66567E8B957}.Debug|Any CPU.ActiveCfg = Debug|Any CPU
		{0CA29E9F-51BB-4710-BFDB-E66567E8B957}.Debug|Any CPU.Build.0 = Debug|Any CPU
		{0CA29E9F-51BB-4710-BFDB-E66567E8B957}.Release|Any CPU.ActiveCfg = Release|Any CPU
		{0CA29E9F-51BB-4710-BFDB-E66567E8B957}.Release|Any CPU.Build.0 = Release|Any CPU
		{5AF9EB78-82AB-4AD6-8680-B10890B5C04B}.Debug|Any CPU.ActiveCfg = Debug|Any CPU
		{5AF9EB78-82AB-4AD6-8680-B10890B5C04B}.Debug|Any CPU.Build.0 = Debug|Any CPU
		{5AF9EB78-82AB-4AD6-8680-B10890B5C04B}.Release|Any CPU.ActiveCfg = Release|Any CPU
		{5AF9EB78-82AB-4AD6-8680-B10890B5C04B}.Release|Any CPU.Build.0 = Release|Any CPU
		{137370C8-9768-48D6-AC36-FDCC2ACB4452}.Debug|Any CPU.ActiveCfg = Debug|Any CPU
		{137370C8-9768-48D6-AC36-FDCC2ACB4452}.Debug|Any CPU.Build.0 = Debug|Any CPU
		{137370C8-9768-48D6-AC36-FDCC2ACB4452}.Release|Any CPU.ActiveCfg = Release|Any CPU
		{137370C8-9768-48D6-AC36-FDCC2ACB4452}.Release|Any CPU.Build.0 = Release|Any CPU
	EndGlobalSection
	GlobalSection(SolutionProperties) = preSolution
		HideSolutionNode = FALSE
	EndGlobalSection
	GlobalSection(ExtensibilityGlobals) = postSolution
		SolutionGuid = {2C2D6156-4286-4503-A925-2BB71D3222D6}
	EndGlobalSection
EndGlobal
